
Microsoft Visual Studio Solution File, Format Version 12.00
# Visual Studio Version 17
VisualStudioVersion = 17.1.32228.430
MinimumVisualStudioVersion = 10.0.40219.1
Project("{FAE04EC0-301F-11D3-BF4B-00C04F79EFBC}") = "Evaluacion4", "Evaluacion4\Evaluacion4.csproj", "{732B16B1-3CEE-4631-9CF5-822805250373}"
EndProject
Global
	GlobalSection(SolutionConfigurationPlatforms) = preSolution
		Debug|Any CPU = Debug|Any CPU
		Release|Any CPU = Release|Any CPU
	EndGlobalSection
	GlobalSection(ProjectConfigurationPlatforms) = postSolution
		{732B16B1-3CEE-4631-9CF5-822805250373}.Debug|Any CPU.ActiveCfg = Debug|Any CPU
		{732B16B1-3CEE-4631-9CF5-822805250373}.Debug|Any CPU.Build.0 = Debug|Any CPU
		{732B16B1-3CEE-4631-9CF5-822805250373}.Release|Any CPU.ActiveCfg = Release|Any CPU
		{732B16B1-3CEE-4631-9CF5-822805250373}.Release|Any CPU.Build.0 = Release|Any CPU
	EndGlobalSection
	GlobalSection(SolutionProperties) = preSolution
		HideSolutionNode = FALSE
	EndGlobalSection
	GlobalSection(ExtensibilityGlobals) = postSolution
		SolutionGuid = {4428A14A-CB78-420C-A77A-86DD861D39F6}
	EndGlobalSection
EndGlobal
